{
    "_readme": [
        "This file locks the dependencies of your project to a known state",
        "Read more about it at https://getcomposer.org/doc/01-basic-usage.md#installing-dependencies"
    ],
    "content-hash": "7d6891cf22e42d4dfcb2b5c5e5e0e5e5",
    "packages": [
        {
            "name": "doctrine/orm",
            "version": "2.14.0",
            "source": {
                "type": "git",
                "url": "https://github.com/doctrine/orm.git",
                "reference": "abc123def456"
            },
            "dist": {
                "type": "zip",
                "url": "https://api.github.com/repos/doctrine/orm/zipball/abc123def456",
                "reference": "abc123def456",
                "shasum": ""
            },
            "require": {
                "php": "^8.0"
            },
            "type": "library"
        },
        {
            "name": "guzzlehttp/guzzle",
            "version": "7.8.0",
            "source": {
                "type": "git",
                "url": "https://github.com/guzzle/guzzle.git",
                "reference": "def456ghi789"
            },
            "dist": {
                "type": "zip",
                "url": "https://api.github.com/repos/guzzle/guzzle/zipball/def456ghi789",
                "reference": "def456ghi789",
                "shasum": ""
            },
            "require": {
                "php": "^8.1"
            },
            "type": "library"
        }
    ],
    "packages-dev": [
        {
            "name": "phpunit/phpunit",
            "version": "10.5.0",
            "source": {
                "type": "git",
                "url": "https://github.com/sebastianbergmann/phpunit.git",
                "reference": "ghi789jkl012"
            },
            "dist": {
                "type": "zip",
                "url": "https://api.github.com/repos/sebastianbergmann/phpunit/zipball/ghi789jkl012",
                "reference": "ghi789jkl012",
                "shasum": ""
            },
            "require": {
                "php": "^8.1"
            },
            "type": "library"
        }
    ],
    "aliases": [],
    "minimum-stability": "stable",
    "stability-flags": [],
    "prefer-stable": true,
    "prefer-lowest": false,
    "platform": {
        "php": "^8.0"
    },
    "platform-dev": []
}
